<?xml version="1.0" encoding="UTF-8" standalone="yes" ?>
<CodeBlocks_project_file>
	<FileVersion major="1" minor="6" />
	<Project>
		<Option title="debussy64" />
		<Option pch_mode="2" />
		<Option compiler="gcc" />
		<Build>
			<Target title="Debug">
				<Option output="../lib/debussy64" prefix_auto="1" extension_auto="1" />
				<Option working_dir="" />
				<Option object_output="../build/debussy64" />
				<Option type="2" />
				<Option compiler="gcc" />
				<Option createDefFile="1" />
				<Compiler>
					<Add option="-Wall" />
					<Add option="-g" />
				</Compiler>
			</Target>
			<Target title="Release">
				<Option output="../lib/debussy64" prefix_auto="1" extension_auto="1" />
				<Option working_dir="" />
				<Option object_output="../build/debussy64" />
				<Option type="2" />
				<Option compiler="gcc" />
				<Option createDefFile="1" />
				<Compiler>
					<Add option="-Wall" />
					<Add option="-Ofast" />
				</Compiler>
				<Linker>
					<Add option="-s" />
					<Add option="-Ofast" />
				</Linker>
			</Target>
		</Build>
		<Compiler>
			<Add option="-march=native" />
			<Add option="`pkg-config libudev --cflags`" />
			<Add option="`pkg-config gtk+-3.0 --cflags`" />
			<Add option="-DARCH_X86_64" />
			<Add option="-D_GNU_SOURCE" />
			<Add directory="../src/debussy" />
		</Compiler>
		<Linker>
			<Add option="-march=native" />
		</Linker>
		<Unit filename="../src/debussy/actionprotocols.c">
			<Option compilerVar="CC" />
		</Unit>
		<Unit filename="../src/debussy/actionprotocols.h" />
		<Unit filename="../src/debussy/adc.c">
			<Option compilerVar="CC" />
		</Unit>
		<Unit filename="../src/debussy/adc.h" />
		<Unit filename="../src/debussy/audiointerface.c">
			<Option compilerVar="CC" />
		</Unit>
		<Unit filename="../src/debussy/audiointerface.h" />
		<Unit filename="../src/debussy/audioplayer.c">
			<Option compilerVar="CC" />
		</Unit>
		<Unit filename="../src/debussy/audioplayer.h" />
		<Unit filename="../src/debussy/avr.c">
			<Option compilerVar="CC" />
		</Unit>
		<Unit filename="../src/debussy/avr.h" />
		<Unit filename="../src/debussy/chipselect.c">
			<Option compilerVar="CC" />
		</Unit>
		<Unit filename="../src/debussy/chipselect.h" />
		<Unit filename="../src/debussy/connection.c">
			<Option compilerVar="CC" />
		</Unit>
		<Unit filename="../src/debussy/connection.h" />
		<Unit filename="../src/debussy/connmgr.c">
			<Option compilerVar="CC" />
		</Unit>
		<Unit filename="../src/debussy/connmgr.h" />
		<Unit filename="../src/debussy/console.c">
			<Option compilerVar="CC" />
		</Unit>
		<Unit filename="../src/debussy/console.h" />
		<Unit filename="../src/debussy/container/set.h" />
		<Unit filename="../src/debussy/dac.c">
			<Option compilerVar="CC" />
		</Unit>
		<Unit filename="../src/debussy/dac.h" />
		<Unit filename="../src/debussy/exteeprom.c">
			<Option compilerVar="CC" />
		</Unit>
		<Unit filename="../src/debussy/exteeprom.h" />
		<Unit filename="../src/debussy/extsram.c">
			<Option compilerVar="CC" />
		</Unit>
		<Unit filename="../src/debussy/extsram.h" />
		<Unit filename="../src/debussy/filesystem.c">
			<Option compilerVar="CC" />
		</Unit>
		<Unit filename="../src/debussy/filesystem.h" />
		<Unit filename="../src/debussy/hidusb.c">
			<Option compilerVar="CC" />
		</Unit>
		<Unit filename="../src/debussy/hidusb.h" />
		<Unit filename="../src/debussy/keypad.c">
			<Option compilerVar="CC" />
		</Unit>
		<Unit filename="../src/debussy/keypad.h" />
		<Unit filename="../src/debussy/lcd.c">
			<Option compilerVar="CC" />
		</Unit>
		<Unit filename="../src/debussy/lcd.h" />
		<Unit filename="../src/debussy/memory.c">
			<Option compilerVar="CC" />
		</Unit>
		<Unit filename="../src/debussy/memory.h" />
		<Unit filename="../src/debussy/musicsheet.c">
			<Option compilerVar="CC" />
		</Unit>
		<Unit filename="../src/debussy/musicsheet.h" />
		<Unit filename="../src/debussy/noteplayer.c">
			<Option compilerVar="CC" />
		</Unit>
		<Unit filename="../src/debussy/noteplayer.h" />
		<Unit filename="../src/debussy/scheduler.c">
			<Option compilerVar="CC" />
		</Unit>
		<Unit filename="../src/debussy/scheduler.h" />
		<Unit filename="../src/debussy/spiioexp.c">
			<Option compilerVar="CC" />
		</Unit>
		<Unit filename="../src/debussy/spiioexp.h" />
		<Unit filename="../src/debussy/types.h" />
		<Unit filename="../src/debussy/usbconfig.h" />
		<Extensions>
			<code_completion />
			<envvars />
			<debugger />
			<lib_finder disable_auto="1" />
		</Extensions>
	</Project>
</CodeBlocks_project_file>
