<?xml version="1.0" encoding="UTF-8" standalone="yes" ?>
<CodeBlocks_project_file>
	<FileVersion major="1" minor="6" />
	<Project>
		<Option title="debussyaerial" />
		<Option pch_mode="2" />
		<Option compiler="gcc" />
		<Build>
			<Target title="Debug">
				<Option output="../build/debussyaerial" prefix_auto="1" extension_auto="1" />
				<Option working_dir="../" />
				<Option object_output="../build/debussyaerialobj" />
				<Option type="1" />
				<Option compiler="gcc" />
				<Compiler>
					<Add option="-g" />
				</Compiler>
			</Target>
			<Target title="Release">
				<Option output="../build/debussyaerial" prefix_auto="1" extension_auto="1" />
				<Option working_dir="../" />
				<Option object_output="../build/debussyaerialobj" />
				<Option type="1" />
				<Option compiler="gcc" />
				<Compiler>
					<Add option="-Ofast" />
					<Add option="-flto" />
				</Compiler>
				<Linker>
					<Add option="-s" />
					<Add option="-Ofast" />
					<Add option="-flto" />
				</Linker>
			</Target>
		</Build>
		<Compiler>
			<Add option="-Wall" />
			<Add option="`pkg-config gtk+-3.0 --cflags`" />
			<Add option="`pkg-config libudev --cflags`" />
			<Add option="-march=native" />
			<Add option="-DARCH_X86_64" />
			<Add directory="../src/debussyaerial" />
			<Add directory="../src/debussy" />
		</Compiler>
		<Linker>
			<Add option="`pkg-config gtk+-3.0 --libs`" />
			<Add option="`pkg-config libudev --libs`" />
			<Add option="-march=native" />
			<Add library="../build/libdebussy64.a" />
			<Add library="../build/libportaudio.a" />
		</Linker>
		<Unit filename="../src/debussyaerial/aerial.c">
			<Option compilerVar="CC" />
		</Unit>
		<Unit filename="../src/debussyaerial/aerial.h" />
		<Unit filename="../src/debussyaerial/console.c">
			<Option compilerVar="CC" />
		</Unit>
		<Unit filename="../src/debussyaerial/console.h" />
		<Unit filename="../src/debussyaerial/usb.c">
			<Option compilerVar="CC" />
		</Unit>
		<Unit filename="../src/debussyaerial/usb.h" />
		<Unit filename="../src/debussyaerial/window.c">
			<Option compilerVar="CC" />
		</Unit>
		<Unit filename="../src/debussyaerial/window.h" />
		<Extensions>
			<code_completion />
			<envvars />
			<debugger />
			<lib_finder disable_auto="1" />
		</Extensions>
	</Project>
</CodeBlocks_project_file>
